uuid: 74dabb7f-e1e1-4e65-843c-b4e29a351843
langcode: en
status: true
dependencies:
  config:
    - block_content.type.basic
    - core.entity_view_display.comment.comment.default
    - core.entity_view_mode.node.politics_block
    - field.field.node.article_with_news.body
    - field.field.node.article_with_news.field_author
    - field.field.node.article_with_news.field_category_
    - field.field.node.article_with_news.field_comments
    - field.field.node.article_with_news.field_dateofpublish
    - field.field.node.article_with_news.field_editorpicks
    - field.field.node.article_with_news.field_general_news
    - field.field.node.article_with_news.field_is_podcast
    - field.field.node.article_with_news.field_media_
    - field.field.node.article_with_news.field_must_read
    - field.field.node.article_with_news.field_short_description
    - field.field.node.article_with_news.field_title_of_news
    - node.type.article_with_news
    - views.view.culture_sidebar
    - views.view.magazine_sidebar
    - views.view.politics
    - views.view.sport_sidebar
  module:
    - comment
    - datetime
    - layout_builder
    - media
    - text
    - user
    - views
third_party_settings:
  layout_builder:
    enabled: true
    allow_custom: false
    sections:
      -
        layout_id: layout_threecol_section
        layout_settings:
          label: ''
          context_mapping: {  }
          column_widths: 25-50-25
        components:
          9f52e30a-0979-404b-8510-f30546705b90:
            uuid: 9f52e30a-0979-404b-8510-f30546705b90
            region: second
            configuration:
              id: 'views_block:politics-block_1'
              label: ''
              label_display: '0'
              provider: views
              context_mapping: {  }
              views_label: ''
              items_per_page: none
            weight: 0
            additional: {  }
          e73188a5-d527-4157-9500-a21f9edd6df3:
            uuid: e73188a5-d527-4157-9500-a21f9edd6df3
            region: third
            configuration:
              id: 'views_block:sport_sidebar-block_1'
              label: ''
              label_display: '0'
              provider: views
              context_mapping: {  }
              views_label: ''
              items_per_page: none
            weight: 0
            additional: {  }
          c278fd59-e46a-429d-baff-0843ac5b87e3:
            uuid: c278fd59-e46a-429d-baff-0843ac5b87e3
            region: third
            configuration:
              id: 'inline_block:basic'
              label: advertisment
              label_display: '0'
              provider: layout_builder
              view_mode: full
              context_mapping: {  }
              block_revision_id: 16
              block_serialized: null
            weight: 1
            additional: {  }
          bf42fc10-c2a1-45fb-a05e-3f67a5d8866a:
            uuid: bf42fc10-c2a1-45fb-a05e-3f67a5d8866a
            region: third
            configuration:
              id: 'views_block:culture_sidebar-block_1'
              label: ''
              label_display: '0'
              provider: views
              context_mapping: {  }
              views_label: ''
              items_per_page: none
            weight: 2
            additional: {  }
          2f008f3c-a64b-42a7-a606-0747fc42b470:
            uuid: 2f008f3c-a64b-42a7-a606-0747fc42b470
            region: first
            configuration:
              id: 'views_block:magazine_sidebar-block_1'
              label: ''
              label_display: '0'
              provider: views
              context_mapping: {  }
              views_label: ''
              items_per_page: none
            weight: 0
            additional: {  }
        third_party_settings: {  }
id: node.article_with_news.politics_block
targetEntityType: node
bundle: article_with_news
mode: politics_block
content:
  body:
    type: text_default
    label: above
    settings: {  }
    third_party_settings: {  }
    weight: 4
    region: content
  field_author:
    type: text_default
    label: above
    settings: {  }
    third_party_settings: {  }
    weight: 2
    region: content
  field_category_:
    type: entity_reference_label
    label: inline
    settings:
      link: true
    third_party_settings: {  }
    weight: 0
    region: content
  field_comments:
    type: comment_default
    label: above
    settings:
      view_mode: default
      pager_id: 0
    third_party_settings: {  }
    weight: 5
    region: content
  field_dateofpublish:
    type: datetime_default
    label: above
    settings:
      timezone_override: ''
      format_type: medium
    third_party_settings: {  }
    weight: 1
    region: content
  field_editorpicks:
    type: boolean
    label: above
    settings:
      format: default
      format_custom_false: ''
      format_custom_true: ''
    third_party_settings: {  }
    weight: 6
    region: content
  field_general_news:
    type: boolean
    label: above
    settings:
      format: default
      format_custom_false: ''
      format_custom_true: ''
    third_party_settings: {  }
    weight: 7
    region: content
  field_media_:
    type: media_thumbnail
    label: inline
    settings:
      image_link: ''
      image_style: ''
    third_party_settings: {  }
    weight: 3
    region: content
  field_must_read:
    type: boolean
    label: above
    settings:
      format: default
      format_custom_false: ''
      format_custom_true: ''
    third_party_settings: {  }
    weight: 8
    region: content
hidden:
  field_is_podcast: true
  field_short_description: true
  field_title_of_news: true
  links: true
