uuid: 3fabd832-dce0-4f5f-b7bd-20a218275846
langcode: en
status: true
dependencies:
  module:
    - menu_ui
third_party_settings:
  menu_ui:
    available_menus: {  }
    parent: ''
name: 'Welcome block'
type: welcome_block
description: ''
help: ''
new_revision: false
preview_mode: 1
display_submitted: true
